
Microsoft Visual Studio Solution File, Format Version 12.00
# Visual Studio Version 16
VisualStudioVersion = 16.0.29001.49
MinimumVisualStudioVersion = 10.0.40219.1
Project("{A07B5EB6-E848-4116-A8D0-A826331D98C6}") = "Permuto.CxC.Exchange.Services.AskActorService", "Permuto.CxC.Exchange.Services.AskActorService\Permuto.CxC.Exchange.Services.AskActorService.sfproj", "{5E846391-6028-4409-9CFC-0A82D6C40C81}"
EndProject
Project("{9A19103F-16F7-4668-BE54-9A1E7A4F7556}") = "AskActor", "AskActor\AskActor.csproj", "{BC508342-A9E5-4F0C-A2D8-31895AE798DF}"
EndProject
Project("{9A19103F-16F7-4668-BE54-9A1E7A4F7556}") = "AskActor.Interfaces", "AskActor.Interfaces\AskActor.Interfaces.csproj", "{F53917CD-D5A8-44C4-A7F7-0606C95754C8}"
EndProject
Project("{2150E333-8FDC-42A3-9474-1A3956D46DE8}") = "03 - Services", "03 - Services", "{1B8B26BE-489D-41B4-A72A-33C200DE38B6}"
EndProject
Project("{2150E333-8FDC-42A3-9474-1A3956D46DE8}") = "00 - Shared", "00 - Shared", "{C5DDB978-54E1-451C-A7BA-46DCC2E8E4CE}"
EndProject
Project("{FAE04EC0-301F-11D3-BF4B-00C04F79EFBC}") = "Permuto.CxC.Exchange.Entities", "Permuto.CxC.Exchange.Entities\Permuto.CxC.Exchange.Entities.csproj", "{D353C3E9-B5F7-4092-BB45-D7B541E2C252}"
EndProject
Project("{2150E333-8FDC-42A3-9474-1A3956D46DE8}") = "Web", "Web", "{7100DD4A-A115-4521-9B95-3B4F3D2EA2A0}"
EndProject
Project("{2150E333-8FDC-42A3-9474-1A3956D46DE8}") = "01 - Data", "01 - Data", "{0FDF9CE1-20B9-4B27-8495-B23ABB8E4D64}"
EndProject
Project("{2150E333-8FDC-42A3-9474-1A3956D46DE8}") = "02 - Business", "02 - Business", "{3777E006-2D3B-4DE1-BAEA-BC618AB5102C}"
EndProject
Project("{FAE04EC0-301F-11D3-BF4B-00C04F79EFBC}") = "Permuto.CxC.Exchange.ServiceBus", "Permuto.CxC.Exchange.ServiceBus\Permuto.CxC.Exchange.ServiceBus.csproj", "{4CD4174B-6B96-4F5A-88EE-7AAEBBF2ADFA}"
EndProject
Project("{FAE04EC0-301F-11D3-BF4B-00C04F79EFBC}") = "Permuto.CxC.Exchange.Business", "Permuto.CxC.Exchange.Business\Permuto.CxC.Exchange.Business.csproj", "{D45CD28D-7DBF-45B1-BD5E-F1013E4C463A}"
EndProject
Project("{FAE04EC0-301F-11D3-BF4B-00C04F79EFBC}") = "Permuto.CxC.Exchange.Data", "Permuto.CxC.Exchange.Data\Permuto.CxC.Exchange.Data.csproj", "{86B33653-FA73-4F8C-BF12-E7EBF96C9819}"
EndProject
Project("{FAE04EC0-301F-11D3-BF4B-00C04F79EFBC}") = "Permuto.CxC.Exchange.Web", "Permuto.CxC.Exchange.Web\Permuto.CxC.Exchange.Web.csproj", "{D75FF612-B201-4353-AA6B-9502A0B9ADE7}"
EndProject
Project("{FAE04EC0-301F-11D3-BF4B-00C04F79EFBC}") = "Permuto.CxC.Exchange.Data.Tests", "Permuto.CxC.Exchange.Data.Tests\Permuto.CxC.Exchange.Data.Tests.csproj", "{FB884CDE-1222-496D-857E-1C236772E773}"
EndProject
Global
	GlobalSection(SolutionConfigurationPlatforms) = preSolution
		Debug|Any CPU = Debug|Any CPU
		Debug|x64 = Debug|x64
		Release|Any CPU = Release|Any CPU
		Release|x64 = Release|x64
	EndGlobalSection
	GlobalSection(ProjectConfigurationPlatforms) = postSolution
		{5E846391-6028-4409-9CFC-0A82D6C40C81}.Debug|Any CPU.ActiveCfg = Debug|x64
		{5E846391-6028-4409-9CFC-0A82D6C40C81}.Debug|x64.ActiveCfg = Debug|x64
		{5E846391-6028-4409-9CFC-0A82D6C40C81}.Debug|x64.Build.0 = Debug|x64
		{5E846391-6028-4409-9CFC-0A82D6C40C81}.Debug|x64.Deploy.0 = Debug|x64
		{5E846391-6028-4409-9CFC-0A82D6C40C81}.Release|Any CPU.ActiveCfg = Release|x64
		{5E846391-6028-4409-9CFC-0A82D6C40C81}.Release|x64.ActiveCfg = Release|x64
		{5E846391-6028-4409-9CFC-0A82D6C40C81}.Release|x64.Build.0 = Release|x64
		{5E846391-6028-4409-9CFC-0A82D6C40C81}.Release|x64.Deploy.0 = Release|x64
		{BC508342-A9E5-4F0C-A2D8-31895AE798DF}.Debug|Any CPU.ActiveCfg = Debug|Any CPU
		{BC508342-A9E5-4F0C-A2D8-31895AE798DF}.Debug|Any CPU.Build.0 = Debug|Any CPU
		{BC508342-A9E5-4F0C-A2D8-31895AE798DF}.Debug|x64.ActiveCfg = Debug|Any CPU
		{BC508342-A9E5-4F0C-A2D8-31895AE798DF}.Debug|x64.Build.0 = Debug|Any CPU
		{BC508342-A9E5-4F0C-A2D8-31895AE798DF}.Release|Any CPU.ActiveCfg = Release|Any CPU
		{BC508342-A9E5-4F0C-A2D8-31895AE798DF}.Release|Any CPU.Build.0 = Release|Any CPU
		{BC508342-A9E5-4F0C-A2D8-31895AE798DF}.Release|x64.ActiveCfg = Release|Any CPU
		{BC508342-A9E5-4F0C-A2D8-31895AE798DF}.Release|x64.Build.0 = Release|Any CPU
		{F53917CD-D5A8-44C4-A7F7-0606C95754C8}.Debug|Any CPU.ActiveCfg = Debug|Any CPU
		{F53917CD-D5A8-44C4-A7F7-0606C95754C8}.Debug|Any CPU.Build.0 = Debug|Any CPU
		{F53917CD-D5A8-44C4-A7F7-0606C95754C8}.Debug|x64.ActiveCfg = Debug|Any CPU
		{F53917CD-D5A8-44C4-A7F7-0606C95754C8}.Debug|x64.Build.0 = Debug|Any CPU
		{F53917CD-D5A8-44C4-A7F7-0606C95754C8}.Release|Any CPU.ActiveCfg = Release|Any CPU
		{F53917CD-D5A8-44C4-A7F7-0606C95754C8}.Release|Any CPU.Build.0 = Release|Any CPU
		{F53917CD-D5A8-44C4-A7F7-0606C95754C8}.Release|x64.ActiveCfg = Release|Any CPU
		{F53917CD-D5A8-44C4-A7F7-0606C95754C8}.Release|x64.Build.0 = Release|Any CPU
		{D353C3E9-B5F7-4092-BB45-D7B541E2C252}.Debug|Any CPU.ActiveCfg = Debug|Any CPU
		{D353C3E9-B5F7-4092-BB45-D7B541E2C252}.Debug|Any CPU.Build.0 = Debug|Any CPU
		{D353C3E9-B5F7-4092-BB45-D7B541E2C252}.Debug|x64.ActiveCfg = Debug|Any CPU
		{D353C3E9-B5F7-4092-BB45-D7B541E2C252}.Debug|x64.Build.0 = Debug|Any CPU
		{D353C3E9-B5F7-4092-BB45-D7B541E2C252}.Release|Any CPU.ActiveCfg = Release|Any CPU
		{D353C3E9-B5F7-4092-BB45-D7B541E2C252}.Release|Any CPU.Build.0 = Release|Any CPU
		{D353C3E9-B5F7-4092-BB45-D7B541E2C252}.Release|x64.ActiveCfg = Release|Any CPU
		{D353C3E9-B5F7-4092-BB45-D7B541E2C252}.Release|x64.Build.0 = Release|Any CPU
		{4CD4174B-6B96-4F5A-88EE-7AAEBBF2ADFA}.Debug|Any CPU.ActiveCfg = Debug|Any CPU
		{4CD4174B-6B96-4F5A-88EE-7AAEBBF2ADFA}.Debug|Any CPU.Build.0 = Debug|Any CPU
		{4CD4174B-6B96-4F5A-88EE-7AAEBBF2ADFA}.Debug|x64.ActiveCfg = Debug|Any CPU
		{4CD4174B-6B96-4F5A-88EE-7AAEBBF2ADFA}.Debug|x64.Build.0 = Debug|Any CPU
		{4CD4174B-6B96-4F5A-88EE-7AAEBBF2ADFA}.Release|Any CPU.ActiveCfg = Release|Any CPU
		{4CD4174B-6B96-4F5A-88EE-7AAEBBF2ADFA}.Release|Any CPU.Build.0 = Release|Any CPU
		{4CD4174B-6B96-4F5A-88EE-7AAEBBF2ADFA}.Release|x64.ActiveCfg = Release|Any CPU
		{4CD4174B-6B96-4F5A-88EE-7AAEBBF2ADFA}.Release|x64.Build.0 = Release|Any CPU
		{D45CD28D-7DBF-45B1-BD5E-F1013E4C463A}.Debug|Any CPU.ActiveCfg = Debug|Any CPU
		{D45CD28D-7DBF-45B1-BD5E-F1013E4C463A}.Debug|Any CPU.Build.0 = Debug|Any CPU
		{D45CD28D-7DBF-45B1-BD5E-F1013E4C463A}.Debug|x64.ActiveCfg = Debug|Any CPU
		{D45CD28D-7DBF-45B1-BD5E-F1013E4C463A}.Debug|x64.Build.0 = Debug|Any CPU
		{D45CD28D-7DBF-45B1-BD5E-F1013E4C463A}.Release|Any CPU.ActiveCfg = Release|Any CPU
		{D45CD28D-7DBF-45B1-BD5E-F1013E4C463A}.Release|Any CPU.Build.0 = Release|Any CPU
		{D45CD28D-7DBF-45B1-BD5E-F1013E4C463A}.Release|x64.ActiveCfg = Release|Any CPU
		{D45CD28D-7DBF-45B1-BD5E-F1013E4C463A}.Release|x64.Build.0 = Release|Any CPU
		{86B33653-FA73-4F8C-BF12-E7EBF96C9819}.Debug|Any CPU.ActiveCfg = Debug|Any CPU
		{86B33653-FA73-4F8C-BF12-E7EBF96C9819}.Debug|Any CPU.Build.0 = Debug|Any CPU
		{86B33653-FA73-4F8C-BF12-E7EBF96C9819}.Debug|x64.ActiveCfg = Debug|Any CPU
		{86B33653-FA73-4F8C-BF12-E7EBF96C9819}.Debug|x64.Build.0 = Debug|Any CPU
		{86B33653-FA73-4F8C-BF12-E7EBF96C9819}.Release|Any CPU.ActiveCfg = Release|Any CPU
		{86B33653-FA73-4F8C-BF12-E7EBF96C9819}.Release|Any CPU.Build.0 = Release|Any CPU
		{86B33653-FA73-4F8C-BF12-E7EBF96C9819}.Release|x64.ActiveCfg = Release|Any CPU
		{86B33653-FA73-4F8C-BF12-E7EBF96C9819}.Release|x64.Build.0 = Release|Any CPU
		{D75FF612-B201-4353-AA6B-9502A0B9ADE7}.Debug|Any CPU.ActiveCfg = Debug|Any CPU
		{D75FF612-B201-4353-AA6B-9502A0B9ADE7}.Debug|Any CPU.Build.0 = Debug|Any CPU
		{D75FF612-B201-4353-AA6B-9502A0B9ADE7}.Debug|x64.ActiveCfg = Debug|Any CPU
		{D75FF612-B201-4353-AA6B-9502A0B9ADE7}.Debug|x64.Build.0 = Debug|Any CPU
		{D75FF612-B201-4353-AA6B-9502A0B9ADE7}.Release|Any CPU.ActiveCfg = Release|Any CPU
		{D75FF612-B201-4353-AA6B-9502A0B9ADE7}.Release|Any CPU.Build.0 = Release|Any CPU
		{D75FF612-B201-4353-AA6B-9502A0B9ADE7}.Release|x64.ActiveCfg = Release|Any CPU
		{D75FF612-B201-4353-AA6B-9502A0B9ADE7}.Release|x64.Build.0 = Release|Any CPU
		{FB884CDE-1222-496D-857E-1C236772E773}.Debug|Any CPU.ActiveCfg = Debug|Any CPU
		{FB884CDE-1222-496D-857E-1C236772E773}.Debug|Any CPU.Build.0 = Debug|Any CPU
		{FB884CDE-1222-496D-857E-1C236772E773}.Debug|x64.ActiveCfg = Debug|Any CPU
		{FB884CDE-1222-496D-857E-1C236772E773}.Debug|x64.Build.0 = Debug|Any CPU
		{FB884CDE-1222-496D-857E-1C236772E773}.Release|Any CPU.ActiveCfg = Release|Any CPU
		{FB884CDE-1222-496D-857E-1C236772E773}.Release|Any CPU.Build.0 = Release|Any CPU
		{FB884CDE-1222-496D-857E-1C236772E773}.Release|x64.ActiveCfg = Release|Any CPU
		{FB884CDE-1222-496D-857E-1C236772E773}.Release|x64.Build.0 = Release|Any CPU
	EndGlobalSection
	GlobalSection(SolutionProperties) = preSolution
		HideSolutionNode = FALSE
	EndGlobalSection
	GlobalSection(NestedProjects) = preSolution
		{5E846391-6028-4409-9CFC-0A82D6C40C81} = {1B8B26BE-489D-41B4-A72A-33C200DE38B6}
		{BC508342-A9E5-4F0C-A2D8-31895AE798DF} = {1B8B26BE-489D-41B4-A72A-33C200DE38B6}
		{F53917CD-D5A8-44C4-A7F7-0606C95754C8} = {1B8B26BE-489D-41B4-A72A-33C200DE38B6}
		{D353C3E9-B5F7-4092-BB45-D7B541E2C252} = {C5DDB978-54E1-451C-A7BA-46DCC2E8E4CE}
		{4CD4174B-6B96-4F5A-88EE-7AAEBBF2ADFA} = {3777E006-2D3B-4DE1-BAEA-BC618AB5102C}
		{D45CD28D-7DBF-45B1-BD5E-F1013E4C463A} = {3777E006-2D3B-4DE1-BAEA-BC618AB5102C}
		{86B33653-FA73-4F8C-BF12-E7EBF96C9819} = {0FDF9CE1-20B9-4B27-8495-B23ABB8E4D64}
		{D75FF612-B201-4353-AA6B-9502A0B9ADE7} = {7100DD4A-A115-4521-9B95-3B4F3D2EA2A0}
		{FB884CDE-1222-496D-857E-1C236772E773} = {0FDF9CE1-20B9-4B27-8495-B23ABB8E4D64}
	EndGlobalSection
	GlobalSection(ExtensibilityGlobals) = postSolution
		SolutionGuid = {DFE04B6B-4CC1-4C22-BA96-F3A3FD157627}
	EndGlobalSection
EndGlobal
